
Microsoft Visual Studio Solution File, Format Version 12.00
# Visual Studio Version 16
VisualStudioVersion = 16.0.30907.101
MinimumVisualStudioVersion = 10.0.40219.1
Project("{FAE04EC0-301F-11D3-BF4B-00C04F79EFBC}") = "WordWrap", "WordWrap\WordWrap.csproj", "{5CF17F26-6894-42CE-8D48-FDDF8D444A61}"
EndProject
Project("{FAE04EC0-301F-11D3-BF4B-00C04F79EFBC}") = "WordWrapTest", "WordWrapTest\WordWrapTest.csproj", "{292909F2-A171-4BEC-935A-9ABD8E394C12}"
EndProject
Global
	GlobalSection(SolutionConfigurationPlatforms) = preSolution
		Debug|Any CPU = Debug|Any CPU
		Release|Any CPU = Release|Any CPU
	EndGlobalSection
	GlobalSection(ProjectConfigurationPlatforms) = postSolution
		{5CF17F26-6894-42CE-8D48-FDDF8D444A61}.Debug|Any CPU.ActiveCfg = Debug|Any CPU
		{5CF17F26-6894-42CE-8D48-FDDF8D444A61}.Debug|Any CPU.Build.0 = Debug|Any CPU
		{5CF17F26-6894-42CE-8D48-FDDF8D444A61}.Release|Any CPU.ActiveCfg = Release|Any CPU
		{5CF17F26-6894-42CE-8D48-FDDF8D444A61}.Release|Any CPU.Build.0 = Release|Any CPU
		{292909F2-A171-4BEC-935A-9ABD8E394C12}.Debug|Any CPU.ActiveCfg = Debug|Any CPU
		{292909F2-A171-4BEC-935A-9ABD8E394C12}.Debug|Any CPU.Build.0 = Debug|Any CPU
		{292909F2-A171-4BEC-935A-9ABD8E394C12}.Release|Any CPU.ActiveCfg = Release|Any CPU
		{292909F2-A171-4BEC-935A-9ABD8E394C12}.Release|Any CPU.Build.0 = Release|Any CPU
	EndGlobalSection
	GlobalSection(SolutionProperties) = preSolution
		HideSolutionNode = FALSE
	EndGlobalSection
	GlobalSection(ExtensibilityGlobals) = postSolution
		SolutionGuid = {3C6654E3-AB3F-49E2-9BF8-FFC8D179583B}
	EndGlobalSection
EndGlobal
